# THIS IS AN AUTOGENERATED FILE. DO NOT EDIT THIS FILE DIRECTLY.
# yarn lockfile v1


"@types/dat.gui@^0.7.7":
  version "0.7.7"
  resolved "https://registry.npmjs.org/@types/dat.gui/-/dat.gui-0.7.7.tgz"
  integrity sha512-CxLCme0He5Jk3uQwfO/fGZMyNhb/ypANzqX0yU9lviBQMlen5SOvQTBQ/Cd9x5mFlUAK5Tk8RgvTyLj1nYkz+w==

"@types/node@^16.4.13":
  version "16.4.13"
  resolved "https://registry.npmjs.org/@types/node/-/node-16.4.13.tgz"
  integrity sha512-bLL69sKtd25w7p1nvg9pigE4gtKVpGTPojBFLMkGHXuUgap2sLqQt2qUnqmVCDfzGUL0DRNZP+1prIZJbMeAXg==

"@types/three@^0.130.1":
  version "0.130.1"
  resolved "https://registry.npmjs.org/@types/three/-/three-0.130.1.tgz"
  integrity sha512-FlCR3CxQHxCmjI0ZCG59O/E15bV+bx7XRO+nJ7RY8KBg2pEF/52frmV/uh9SrLd+ORx+7Zc7NxnJm5Kj4xS9Sg==

colorette@^1.2.2:
  version "1.2.2"
  resolved "https://registry.npmjs.org/colorette/-/colorette-1.2.2.tgz"
  integrity sha512-MKGMzyfeuutC/ZJ1cba9NqcNpfeqMUcYmyF1ZFY6/Cn7CNSAKx6a+s48sqLqyAiZuaP2TcqMhoo+dlwFnVxT9w==

esbuild@^0.12.8:
  version "0.12.16"
  resolved "https://registry.npmjs.org/esbuild/-/esbuild-0.12.16.tgz"
  integrity sha512-XqI9cXP2bmQ6MREIqrYBb13KfYFSERsV1+e5jSVWps8dNlLZK+hln7d0mznzDIpfISsg/AgQW0DW3kSInXWhrg==

events@^3.3.0:
  version "3.3.0"
  resolved "https://registry.yarnpkg.com/events/-/events-3.3.0.tgz#31a95ad0a924e2d2c419a813aeb2c4e878ea7400"
  integrity sha512-mQw+2fkQbALzQ7V0MY0IqdnXNOeTtP4r0lN9z7AAawCXgqea7bDii20AYrIBrFd/Hx0M2Ocz6S111CaFkUcb0Q==

fsevents@~2.3.2:
  version "2.3.2"
  resolved "https://registry.npmjs.org/fsevents/-/fsevents-2.3.2.tgz"
  integrity sha512-xiqMQR4xAeHTuB9uWm+fFRcIOgKBMiOBP+eXiyT7jsgVCq1bkVygt00oASowB7EdtpOHaaPgKt812P9ab+DDKA==

function-bind@^1.1.1:
  version "1.1.1"
  resolved "https://registry.npmjs.org/function-bind/-/function-bind-1.1.1.tgz"
  integrity sha512-yIovAzMX49sF8Yl58fSCWJ5svSLuaibPxXQJFLmBObTuCr0Mf1KiPopGM9NiFjiYBCbfaa2Fh6breQ6ANVTI0A==

has@^1.0.3:
  version "1.0.3"
  resolved "https://registry.npmjs.org/has/-/has-1.0.3.tgz"
  integrity sha512-f2dvO0VU6Oej7RkWJGrehjbzMAjFp5/VKPp5tTpWIV4JHHZK1/BxbFRtf/siA2SWTe09caDmVtYYzWEIbBS4zw==
  dependencies:
    function-bind "^1.1.1"

is-core-module@^2.2.0:
  version "2.5.0"
  resolved "https://registry.npmjs.org/is-core-module/-/is-core-module-2.5.0.tgz"
  integrity sha512-TXCMSDsEHMEEZ6eCA8rwRDbLu55MRGmrctljsBX/2v1d9/GzqHOxW5c5oPSgrUt2vBFXebu9rGqckXGPWOlYpg==
  dependencies:
    has "^1.0.3"

nanoid@^3.1.23:
  version "3.1.23"
  resolved "https://registry.npmjs.org/nanoid/-/nanoid-3.1.23.tgz"
  integrity sha512-FiB0kzdP0FFVGDKlRLEQ1BgDzU87dy5NnzjeW9YZNt+/c3+q82EQDUwniSAUxp/F0gFNI1ZhKU1FqYsMuqZVnw==

path-parse@^1.0.6:
  version "1.0.7"
  resolved "https://registry.npmjs.org/path-parse/-/path-parse-1.0.7.tgz"
  integrity sha512-LDJzPVEEEPR+y48z93A0Ed0yXb8pAByGWo/k5YYdYgpY2/2EsOsksJrq7lOHxryrVOn1ejG6oAp8ahvOIQD8sw==

postcss@^8.3.5:
  version "8.3.6"
  resolved "https://registry.npmjs.org/postcss/-/postcss-8.3.6.tgz"
  integrity sha512-wG1cc/JhRgdqB6WHEuyLTedf3KIRuD0hG6ldkFEZNCjRxiC+3i6kkWUUbiJQayP28iwG35cEmAbe98585BYV0A==
  dependencies:
    colorette "^1.2.2"
    nanoid "^3.1.23"
    source-map-js "^0.6.2"

resolve@^1.20.0:
  version "1.20.0"
  resolved "https://registry.npmjs.org/resolve/-/resolve-1.20.0.tgz"
  integrity sha512-wENBPt4ySzg4ybFQW2TT1zMQucPK95HSh/nq2CFTZVOGut2+pQvSsgtda4d26YrYcr067wjbmzOG8byDPBX63A==
  dependencies:
    is-core-module "^2.2.0"
    path-parse "^1.0.6"

rollup@^2.38.5:
  version "2.54.0"
  resolved "https://registry.npmjs.org/rollup/-/rollup-2.54.0.tgz"
  integrity sha512-RHzvstAVwm9A751NxWIbGPFXs3zL4qe/eYg+N7WwGtIXVLy1cK64MiU37+hXeFm1jqipK6DGgMi6Z2hhPuCC3A==
  optionalDependencies:
    fsevents "~2.3.2"

source-map-js@^0.6.2:
  version "0.6.2"
  resolved "https://registry.npmjs.org/source-map-js/-/source-map-js-0.6.2.tgz"
  integrity sha512-/3GptzWzu0+0MBQFrDKzw/DvvMTUORvgY6k6jd/VS6iCR4RDTKWH6v6WPwQoUO8667uQEf9Oe38DxAYWY5F/Ug==

three-pathfinding@^0.14.1:
  version "0.14.1"
  resolved "https://registry.npmjs.org/three-pathfinding/-/three-pathfinding-0.14.1.tgz"
  integrity sha512-lBXt+GLlgCz/ppakGDj6L/JJH2JmZ8ZFiFHqey4v47V8SrzhKRuXfrsHo6IPF1Z/MDki/ahIf7uquW+jy/3hAg==

three@^0.130.1:
  version "0.130.1"
  resolved "https://registry.npmjs.org/three/-/three-0.130.1.tgz"
  integrity sha512-OSPPKcGvFSiGkG3jFrwwC76PBV/ZSrGxpBbg28bW8s9GU8r/y2spNGtEXHEb/CVqo0Ctf5Lx2rVaxQZB6OasaA==

typescript@^4.3.2:
  version "4.3.5"
  resolved "https://registry.npmjs.org/typescript/-/typescript-4.3.5.tgz"
  integrity sha512-DqQgihaQ9cUrskJo9kIyW/+g0Vxsk8cDtZ52a3NGh0YNTfpUSArXSohyUGnvbPazEPLu398C0UxmKSOrPumUzA==

vite@^2.4.3:
  version "2.4.3"
  resolved "https://registry.npmjs.org/vite/-/vite-2.4.3.tgz"
  integrity sha512-iT6NPeiUUZ2FkzC3eazytOEMRaM4J+xgRQcNcpRcbmfYjakCFP4WKPJpeEz1U5JEKHAtwv3ZBQketQUFhFU3ng==
  dependencies:
    esbuild "^0.12.8"
    postcss "^8.3.5"
    resolve "^1.20.0"
    rollup "^2.38.5"
  optionalDependencies:
    fsevents "~2.3.2"
